
Microsoft Visual Studio Solution File, Format Version 12.00
# Visual Studio 15
VisualStudioVersion = 15.0.27130.2027
MinimumVisualStudioVersion = 10.0.40219.1
Project("{FAE04EC0-301F-11D3-BF4B-00C04F79EFBC}") = "RocketInvasion", "RocketInvasion\RocketInvasion\RocketInvasion.csproj", "{C18829B3-8AFE-4C35-AD7B-62442B729477}"
EndProject
Project("{FAE04EC0-301F-11D3-BF4B-00C04F79EFBC}") = "RocketInvasion.Droid", "RocketInvasion\RocketInvasion.Droid\RocketInvasion.Droid.csproj", "{AFAD8E86-90EC-4D6A-8ECD-4F32AB9A32A6}"
EndProject
Project("{FAE04EC0-301F-11D3-BF4B-00C04F79EFBC}") = "RocketInvasion.iOS", "RocketInvasion\RocketInvasion.iOS\RocketInvasion.iOS.csproj", "{DDE3707E-32BC-48EA-912B-1D60512E0CFE}"
EndProject
Project("{2150E333-8FDC-42A3-9474-1A3956D46DE8}") = "Solution Items", "Solution Items", "{CB07A792-41B6-4C77-A5B9-CBE352CA4B1E}"
	ProjectSection(SolutionItems) = preProject
		Features.txt = Features.txt
		RocketInvasion\Ongoing tasks.txt = RocketInvasion\Ongoing tasks.txt
		README.md = README.md
	EndProjectSection
EndProject
Global
	GlobalSection(SolutionConfigurationPlatforms) = preSolution
		Ad-Hoc|Any CPU = Ad-Hoc|Any CPU
		Ad-Hoc|iPhone = Ad-Hoc|iPhone
		Ad-Hoc|iPhoneSimulator = Ad-Hoc|iPhoneSimulator
		Ad-Hoc|x86 = Ad-Hoc|x86
		AppStore|Any CPU = AppStore|Any CPU
		AppStore|iPhone = AppStore|iPhone
		AppStore|iPhoneSimulator = AppStore|iPhoneSimulator
		AppStore|x86 = AppStore|x86
		Debug|Any CPU = Debug|Any CPU
		Debug|iPhone = Debug|iPhone
		Debug|iPhoneSimulator = Debug|iPhoneSimulator
		Debug|x86 = Debug|x86
		Release|Any CPU = Release|Any CPU
		Release|iPhone = Release|iPhone
		Release|iPhoneSimulator = Release|iPhoneSimulator
		Release|x86 = Release|x86
	EndGlobalSection
	GlobalSection(ProjectConfigurationPlatforms) = postSolution
		{C18829B3-8AFE-4C35-AD7B-62442B729477}.Ad-Hoc|Any CPU.ActiveCfg = Release|Any CPU
		{C18829B3-8AFE-4C35-AD7B-62442B729477}.Ad-Hoc|Any CPU.Build.0 = Release|Any CPU
		{C18829B3-8AFE-4C35-AD7B-62442B729477}.Ad-Hoc|iPhone.ActiveCfg = Release|Any CPU
		{C18829B3-8AFE-4C35-AD7B-62442B729477}.Ad-Hoc|iPhone.Build.0 = Release|Any CPU
		{C18829B3-8AFE-4C35-AD7B-62442B729477}.Ad-Hoc|iPhoneSimulator.ActiveCfg = Release|Any CPU
		{C18829B3-8AFE-4C35-AD7B-62442B729477}.Ad-Hoc|iPhoneSimulator.Build.0 = Release|Any CPU
		{C18829B3-8AFE-4C35-AD7B-62442B729477}.Ad-Hoc|x86.ActiveCfg = Release|Any CPU
		{C18829B3-8AFE-4C35-AD7B-62442B729477}.Ad-Hoc|x86.Build.0 = Release|Any CPU
		{C18829B3-8AFE-4C35-AD7B-62442B729477}.AppStore|Any CPU.ActiveCfg = Release|Any CPU
		{C18829B3-8AFE-4C35-AD7B-62442B729477}.AppStore|Any CPU.Build.0 = Release|Any CPU
		{C18829B3-8AFE-4C35-AD7B-62442B729477}.AppStore|iPhone.ActiveCfg = Release|Any CPU
		{C18829B3-8AFE-4C35-AD7B-62442B729477}.AppStore|iPhone.Build.0 = Release|Any CPU
		{C18829B3-8AFE-4C35-AD7B-62442B729477}.AppStore|iPhoneSimulator.ActiveCfg = Release|Any CPU
		{C18829B3-8AFE-4C35-AD7B-62442B729477}.AppStore|iPhoneSimulator.Build.0 = Release|Any CPU
		{C18829B3-8AFE-4C35-AD7B-62442B729477}.AppStore|x86.ActiveCfg = Release|Any CPU
		{C18829B3-8AFE-4C35-AD7B-62442B729477}.AppStore|x86.Build.0 = Release|Any CPU
		{C18829B3-8AFE-4C35-AD7B-62442B729477}.Debug|Any CPU.ActiveCfg = Debug|Any CPU
		{C18829B3-8AFE-4C35-AD7B-62442B729477}.Debug|Any CPU.Build.0 = Debug|Any CPU
		{C18829B3-8AFE-4C35-AD7B-62442B729477}.Debug|iPhone.ActiveCfg = Debug|Any CPU
		{C18829B3-8AFE-4C35-AD7B-62442B729477}.Debug|iPhone.Build.0 = Debug|Any CPU
		{C18829B3-8AFE-4C35-AD7B-62442B729477}.Debug|iPhoneSimulator.ActiveCfg = Debug|Any CPU
		{C18829B3-8AFE-4C35-AD7B-62442B729477}.Debug|iPhoneSimulator.Build.0 = Debug|Any CPU
		{C18829B3-8AFE-4C35-AD7B-62442B729477}.Debug|x86.ActiveCfg = Debug|Any CPU
		{C18829B3-8AFE-4C35-AD7B-62442B729477}.Debug|x86.Build.0 = Debug|Any CPU
		{C18829B3-8AFE-4C35-AD7B-62442B729477}.Release|Any CPU.ActiveCfg = Release|Any CPU
		{C18829B3-8AFE-4C35-AD7B-62442B729477}.Release|Any CPU.Build.0 = Release|Any CPU
		{C18829B3-8AFE-4C35-AD7B-62442B729477}.Release|iPhone.ActiveCfg = Release|Any CPU
		{C18829B3-8AFE-4C35-AD7B-62442B729477}.Release|iPhone.Build.0 = Release|Any CPU
		{C18829B3-8AFE-4C35-AD7B-62442B729477}.Release|iPhoneSimulator.ActiveCfg = Release|Any CPU
		{C18829B3-8AFE-4C35-AD7B-62442B729477}.Release|iPhoneSimulator.Build.0 = Release|Any CPU
		{C18829B3-8AFE-4C35-AD7B-62442B729477}.Release|x86.ActiveCfg = Release|Any CPU
		{C18829B3-8AFE-4C35-AD7B-62442B729477}.Release|x86.Build.0 = Release|Any CPU
		{AFAD8E86-90EC-4D6A-8ECD-4F32AB9A32A6}.Ad-Hoc|Any CPU.ActiveCfg = Release|Any CPU
		{AFAD8E86-90EC-4D6A-8ECD-4F32AB9A32A6}.Ad-Hoc|Any CPU.Build.0 = Release|Any CPU
		{AFAD8E86-90EC-4D6A-8ECD-4F32AB9A32A6}.Ad-Hoc|Any CPU.Deploy.0 = Release|Any CPU
		{AFAD8E86-90EC-4D6A-8ECD-4F32AB9A32A6}.Ad-Hoc|iPhone.ActiveCfg = Release|Any CPU
		{AFAD8E86-90EC-4D6A-8ECD-4F32AB9A32A6}.Ad-Hoc|iPhone.Build.0 = Release|Any CPU
		{AFAD8E86-90EC-4D6A-8ECD-4F32AB9A32A6}.Ad-Hoc|iPhone.Deploy.0 = Release|Any CPU
		{AFAD8E86-90EC-4D6A-8ECD-4F32AB9A32A6}.Ad-Hoc|iPhoneSimulator.ActiveCfg = Release|Any CPU
		{AFAD8E86-90EC-4D6A-8ECD-4F32AB9A32A6}.Ad-Hoc|iPhoneSimulator.Build.0 = Release|Any CPU
		{AFAD8E86-90EC-4D6A-8ECD-4F32AB9A32A6}.Ad-Hoc|iPhoneSimulator.Deploy.0 = Release|Any CPU
		{AFAD8E86-90EC-4D6A-8ECD-4F32AB9A32A6}.Ad-Hoc|x86.ActiveCfg = Release|x86
		{AFAD8E86-90EC-4D6A-8ECD-4F32AB9A32A6}.Ad-Hoc|x86.Build.0 = Release|x86
		{AFAD8E86-90EC-4D6A-8ECD-4F32AB9A32A6}.Ad-Hoc|x86.Deploy.0 = Release|x86
		{AFAD8E86-90EC-4D6A-8ECD-4F32AB9A32A6}.AppStore|Any CPU.ActiveCfg = Release|Any CPU
		{AFAD8E86-90EC-4D6A-8ECD-4F32AB9A32A6}.AppStore|Any CPU.Build.0 = Release|Any CPU
		{AFAD8E86-90EC-4D6A-8ECD-4F32AB9A32A6}.AppStore|Any CPU.Deploy.0 = Release|Any CPU
		{AFAD8E86-90EC-4D6A-8ECD-4F32AB9A32A6}.AppStore|iPhone.ActiveCfg = Release|Any CPU
		{AFAD8E86-90EC-4D6A-8ECD-4F32AB9A32A6}.AppStore|iPhone.Build.0 = Release|Any CPU
		{AFAD8E86-90EC-4D6A-8ECD-4F32AB9A32A6}.AppStore|iPhone.Deploy.0 = Release|Any CPU
		{AFAD8E86-90EC-4D6A-8ECD-4F32AB9A32A6}.AppStore|iPhoneSimulator.ActiveCfg = Release|Any CPU
		{AFAD8E86-90EC-4D6A-8ECD-4F32AB9A32A6}.AppStore|iPhoneSimulator.Build.0 = Release|Any CPU
		{AFAD8E86-90EC-4D6A-8ECD-4F32AB9A32A6}.AppStore|iPhoneSimulator.Deploy.0 = Release|Any CPU
		{AFAD8E86-90EC-4D6A-8ECD-4F32AB9A32A6}.AppStore|x86.ActiveCfg = Release|x86
		{AFAD8E86-90EC-4D6A-8ECD-4F32AB9A32A6}.AppStore|x86.Build.0 = Release|x86
		{AFAD8E86-90EC-4D6A-8ECD-4F32AB9A32A6}.AppStore|x86.Deploy.0 = Release|x86
		{AFAD8E86-90EC-4D6A-8ECD-4F32AB9A32A6}.Debug|Any CPU.ActiveCfg = Debug|x86
		{AFAD8E86-90EC-4D6A-8ECD-4F32AB9A32A6}.Debug|Any CPU.Build.0 = Debug|x86
		{AFAD8E86-90EC-4D6A-8ECD-4F32AB9A32A6}.Debug|Any CPU.Deploy.0 = Debug|x86
		{AFAD8E86-90EC-4D6A-8ECD-4F32AB9A32A6}.Debug|iPhone.ActiveCfg = Debug|Any CPU
		{AFAD8E86-90EC-4D6A-8ECD-4F32AB9A32A6}.Debug|iPhone.Build.0 = Debug|Any CPU
		{AFAD8E86-90EC-4D6A-8ECD-4F32AB9A32A6}.Debug|iPhone.Deploy.0 = Debug|Any CPU
		{AFAD8E86-90EC-4D6A-8ECD-4F32AB9A32A6}.Debug|iPhoneSimulator.ActiveCfg = Debug|Any CPU
		{AFAD8E86-90EC-4D6A-8ECD-4F32AB9A32A6}.Debug|iPhoneSimulator.Build.0 = Debug|Any CPU
		{AFAD8E86-90EC-4D6A-8ECD-4F32AB9A32A6}.Debug|iPhoneSimulator.Deploy.0 = Debug|Any CPU
		{AFAD8E86-90EC-4D6A-8ECD-4F32AB9A32A6}.Debug|x86.ActiveCfg = Debug|x86
		{AFAD8E86-90EC-4D6A-8ECD-4F32AB9A32A6}.Debug|x86.Build.0 = Debug|x86
		{AFAD8E86-90EC-4D6A-8ECD-4F32AB9A32A6}.Debug|x86.Deploy.0 = Debug|x86
		{AFAD8E86-90EC-4D6A-8ECD-4F32AB9A32A6}.Release|Any CPU.ActiveCfg = Release|Any CPU
		{AFAD8E86-90EC-4D6A-8ECD-4F32AB9A32A6}.Release|Any CPU.Build.0 = Release|Any CPU
		{AFAD8E86-90EC-4D6A-8ECD-4F32AB9A32A6}.Release|Any CPU.Deploy.0 = Release|Any CPU
		{AFAD8E86-90EC-4D6A-8ECD-4F32AB9A32A6}.Release|iPhone.ActiveCfg = Release|Any CPU
		{AFAD8E86-90EC-4D6A-8ECD-4F32AB9A32A6}.Release|iPhone.Build.0 = Release|Any CPU
		{AFAD8E86-90EC-4D6A-8ECD-4F32AB9A32A6}.Release|iPhone.Deploy.0 = Release|Any CPU
		{AFAD8E86-90EC-4D6A-8ECD-4F32AB9A32A6}.Release|iPhoneSimulator.ActiveCfg = Release|Any CPU
		{AFAD8E86-90EC-4D6A-8ECD-4F32AB9A32A6}.Release|iPhoneSimulator.Build.0 = Release|Any CPU
		{AFAD8E86-90EC-4D6A-8ECD-4F32AB9A32A6}.Release|iPhoneSimulator.Deploy.0 = Release|Any CPU
		{AFAD8E86-90EC-4D6A-8ECD-4F32AB9A32A6}.Release|x86.ActiveCfg = Release|x86
		{AFAD8E86-90EC-4D6A-8ECD-4F32AB9A32A6}.Release|x86.Build.0 = Release|x86
		{AFAD8E86-90EC-4D6A-8ECD-4F32AB9A32A6}.Release|x86.Deploy.0 = Release|x86
		{DDE3707E-32BC-48EA-912B-1D60512E0CFE}.Ad-Hoc|Any CPU.ActiveCfg = Ad-Hoc|iPhone
		{DDE3707E-32BC-48EA-912B-1D60512E0CFE}.Ad-Hoc|iPhone.ActiveCfg = Ad-Hoc|iPhone
		{DDE3707E-32BC-48EA-912B-1D60512E0CFE}.Ad-Hoc|iPhone.Build.0 = Ad-Hoc|iPhone
		{DDE3707E-32BC-48EA-912B-1D60512E0CFE}.Ad-Hoc|iPhoneSimulator.ActiveCfg = Ad-Hoc|iPhoneSimulator
		{DDE3707E-32BC-48EA-912B-1D60512E0CFE}.Ad-Hoc|iPhoneSimulator.Build.0 = Ad-Hoc|iPhoneSimulator
		{DDE3707E-32BC-48EA-912B-1D60512E0CFE}.Ad-Hoc|x86.ActiveCfg = Ad-Hoc|iPhone
		{DDE3707E-32BC-48EA-912B-1D60512E0CFE}.AppStore|Any CPU.ActiveCfg = AppStore|iPhone
		{DDE3707E-32BC-48EA-912B-1D60512E0CFE}.AppStore|iPhone.ActiveCfg = AppStore|iPhone
		{DDE3707E-32BC-48EA-912B-1D60512E0CFE}.AppStore|iPhone.Build.0 = AppStore|iPhone
		{DDE3707E-32BC-48EA-912B-1D60512E0CFE}.AppStore|iPhoneSimulator.ActiveCfg = AppStore|iPhoneSimulator
		{DDE3707E-32BC-48EA-912B-1D60512E0CFE}.AppStore|iPhoneSimulator.Build.0 = AppStore|iPhoneSimulator
		{DDE3707E-32BC-48EA-912B-1D60512E0CFE}.AppStore|x86.ActiveCfg = AppStore|iPhone
		{DDE3707E-32BC-48EA-912B-1D60512E0CFE}.Debug|Any CPU.ActiveCfg = Debug|iPhone
		{DDE3707E-32BC-48EA-912B-1D60512E0CFE}.Debug|iPhone.ActiveCfg = Debug|iPhone
		{DDE3707E-32BC-48EA-912B-1D60512E0CFE}.Debug|iPhone.Build.0 = Debug|iPhone
		{DDE3707E-32BC-48EA-912B-1D60512E0CFE}.Debug|iPhoneSimulator.ActiveCfg = Debug|iPhoneSimulator
		{DDE3707E-32BC-48EA-912B-1D60512E0CFE}.Debug|iPhoneSimulator.Build.0 = Debug|iPhoneSimulator
		{DDE3707E-32BC-48EA-912B-1D60512E0CFE}.Debug|x86.ActiveCfg = Debug|iPhone
		{DDE3707E-32BC-48EA-912B-1D60512E0CFE}.Release|Any CPU.ActiveCfg = Release|iPhone
		{DDE3707E-32BC-48EA-912B-1D60512E0CFE}.Release|iPhone.ActiveCfg = Release|iPhone
		{DDE3707E-32BC-48EA-912B-1D60512E0CFE}.Release|iPhone.Build.0 = Release|iPhone
		{DDE3707E-32BC-48EA-912B-1D60512E0CFE}.Release|iPhoneSimulator.ActiveCfg = Release|iPhoneSimulator
		{DDE3707E-32BC-48EA-912B-1D60512E0CFE}.Release|iPhoneSimulator.Build.0 = Release|iPhoneSimulator
		{DDE3707E-32BC-48EA-912B-1D60512E0CFE}.Release|x86.ActiveCfg = Release|iPhone
	EndGlobalSection
	GlobalSection(SolutionProperties) = preSolution
		HideSolutionNode = FALSE
	EndGlobalSection
	GlobalSection(ExtensibilityGlobals) = postSolution
		SolutionGuid = {10CF3E39-499D-4065-BC1B-5EEB2E7797F5}
	EndGlobalSection
EndGlobal
